
Microsoft Visual Studio Solution File, Format Version 12.00
# Visual Studio Version 17
VisualStudioVersion = 17.11.35312.102
MinimumVisualStudioVersion = 10.0.40219.1
Project("{9A19103F-16F7-4668-BE54-9A1E7A4F7556}") = "usefull-functions", "usefull-functions\usefull-functions.csproj", "{87F7F839-6968-45E2-A920-82EECBF520B1}"
EndProject
Project("{FAE04EC0-301F-11D3-BF4B-00C04F79EFBC}") = "003b-vypis-obrazce", "003b-vypis-obrazce\003b-vypis-obrazce.csproj", "{6B3CE67B-A426-4216-8ED1-95853DEC7A79}"
EndProject
Project("{FAE04EC0-301F-11D3-BF4B-00C04F79EFBC}") = "001-vypis-rady", "001-vypis-rady\001-vypis-rady.csproj", "{EC94EEB9-E3AD-4577-9011-E8D1D9F24F34}"
EndProject
Project("{FAE04EC0-301F-11D3-BF4B-00C04F79EFBC}") = "002-soucet-cifer", "002-soucet-cifer\002-soucet-cifer.csproj", "{1860F58E-DD1D-4AE9-AE33-EA9EDA6646E8}"
EndProject
Global
	GlobalSection(SolutionConfigurationPlatforms) = preSolution
		Debug|Any CPU = Debug|Any CPU
		Release|Any CPU = Release|Any CPU
	EndGlobalSection
	GlobalSection(ProjectConfigurationPlatforms) = postSolution
		{87F7F839-6968-45E2-A920-82EECBF520B1}.Debug|Any CPU.ActiveCfg = Debug|Any CPU
		{87F7F839-6968-45E2-A920-82EECBF520B1}.Debug|Any CPU.Build.0 = Debug|Any CPU
		{87F7F839-6968-45E2-A920-82EECBF520B1}.Release|Any CPU.ActiveCfg = Release|Any CPU
		{87F7F839-6968-45E2-A920-82EECBF520B1}.Release|Any CPU.Build.0 = Release|Any CPU
		{6B3CE67B-A426-4216-8ED1-95853DEC7A79}.Debug|Any CPU.ActiveCfg = Debug|Any CPU
		{6B3CE67B-A426-4216-8ED1-95853DEC7A79}.Debug|Any CPU.Build.0 = Debug|Any CPU
		{6B3CE67B-A426-4216-8ED1-95853DEC7A79}.Release|Any CPU.ActiveCfg = Release|Any CPU
		{6B3CE67B-A426-4216-8ED1-95853DEC7A79}.Release|Any CPU.Build.0 = Release|Any CPU
		{EC94EEB9-E3AD-4577-9011-E8D1D9F24F34}.Debug|Any CPU.ActiveCfg = Debug|Any CPU
		{EC94EEB9-E3AD-4577-9011-E8D1D9F24F34}.Debug|Any CPU.Build.0 = Debug|Any CPU
		{EC94EEB9-E3AD-4577-9011-E8D1D9F24F34}.Release|Any CPU.ActiveCfg = Release|Any CPU
		{EC94EEB9-E3AD-4577-9011-E8D1D9F24F34}.Release|Any CPU.Build.0 = Release|Any CPU
		{1860F58E-DD1D-4AE9-AE33-EA9EDA6646E8}.Debug|Any CPU.ActiveCfg = Debug|Any CPU
		{1860F58E-DD1D-4AE9-AE33-EA9EDA6646E8}.Debug|Any CPU.Build.0 = Debug|Any CPU
		{1860F58E-DD1D-4AE9-AE33-EA9EDA6646E8}.Release|Any CPU.ActiveCfg = Release|Any CPU
		{1860F58E-DD1D-4AE9-AE33-EA9EDA6646E8}.Release|Any CPU.Build.0 = Release|Any CPU
	EndGlobalSection
	GlobalSection(SolutionProperties) = preSolution
		HideSolutionNode = FALSE
	EndGlobalSection
	GlobalSection(ExtensibilityGlobals) = postSolution
		SolutionGuid = {356D191C-930F-4264-9CA0-868C697C8D17}
	EndGlobalSection
EndGlobal
